PODS:
  - Alamofire (5.0.0-beta.6)
  - Differentiator (3.1.0)
  - Firebase (6.0.0):
    - Firebase/Core (= 6.0.0)
  - Firebase/Core (6.0.0):
    - Firebase/CoreOnly
    - FirebaseAnalytics (= 6.0.0)
  - Firebase/CoreOnly (6.0.0):
    - FirebaseCore (= 6.0.0)
  - Firebase/Messaging (6.0.0):
    - Firebase/CoreOnly
    - FirebaseMessaging (~> 4.0.0)
  - FirebaseAnalytics (6.0.0):
    - FirebaseCore (~> 6.0)
    - FirebaseInstanceID (~> 4.0)
    - GoogleAppMeasurement (= 6.0.0)
    - GoogleUtilities/AppDelegateSwizzler (~> 6.0)
    - GoogleUtilities/MethodSwizzler (~> 6.0)
    - GoogleUtilities/Network (~> 6.0)
    - "GoogleUtilities/NSData+zlib (~> 6.0)"
    - nanopb (~> 0.3)
  - FirebaseAnalyticsInterop (1.2.0)
  - FirebaseCore (6.0.0):
    - GoogleUtilities/Environment (~> 6.0)
    - GoogleUtilities/Logger (~> 6.0)
  - FirebaseInstanceID (4.0.0):
    - FirebaseCore (~> 6.0)
    - GoogleUtilities/Environment (~> 6.0)
    - GoogleUtilities/UserDefaults (~> 6.0)
  - FirebaseMessaging (4.0.0):
    - FirebaseAnalyticsInterop (~> 1.1)
    - FirebaseCore (~> 6.0)
    - FirebaseInstanceID (~> 4.0)
    - GoogleUtilities/AppDelegateSwizzler (~> 6.0)
    - GoogleUtilities/Environment (~> 6.0)
    - GoogleUtilities/Reachability (~> 6.0)
    - GoogleUtilities/UserDefaults (~> 6.0)
    - Protobuf (~> 3.1)
  - FSCalendar (2.8.0)
  - GoogleAppMeasurement (6.0.0):
    - GoogleUtilities/AppDelegateSwizzler (~> 6.0)
    - GoogleUtilities/MethodSwizzler (~> 6.0)
    - GoogleUtilities/Network (~> 6.0)
    - "GoogleUtilities/NSData+zlib (~> 6.0)"
    - nanopb (~> 0.3)
  - GoogleUtilities/AppDelegateSwizzler (6.0.0):
    - GoogleUtilities/Environment
    - GoogleUtilities/Logger
    - GoogleUtilities/Network
  - GoogleUtilities/Environment (6.0.0)
  - GoogleUtilities/Logger (6.0.0):
    - GoogleUtilities/Environment
  - GoogleUtilities/MethodSwizzler (6.0.0):
    - GoogleUtilities/Logger
  - GoogleUtilities/Network (6.0.0):
    - GoogleUtilities/Logger
    - "GoogleUtilities/NSData+zlib"
    - GoogleUtilities/Reachability
  - "GoogleUtilities/NSData+zlib (6.0.0)"
  - GoogleUtilities/Reachability (6.0.0):
    - GoogleUtilities/Logger
  - GoogleUtilities/UserDefaults (6.0.0):
    - GoogleUtilities/Logger
  - nanopb (0.3.901):
    - nanopb/decode (= 0.3.901)
    - nanopb/encode (= 0.3.901)
  - nanopb/decode (0.3.901)
  - nanopb/encode (0.3.901)
  - Nuke (7.6.3)
  - Protobuf (3.7.0)
  - R.swift (5.0.3):
    - R.swift.Library (~> 5.0.0)
  - R.swift.Library (5.0.1)
  - RxBlocking (4.5.0):
    - RxSwift (>= 4.4.2, ~> 4.4)
  - RxCocoa (4.5.0):
    - RxSwift (>= 4.4.2, ~> 4.4)
  - RxDataSources (3.1.0):
    - Differentiator (~> 3.0)
    - RxCocoa (~> 4.0)
    - RxSwift (~> 4.0)
  - RxNuke (0.8.1):
    - Nuke (~> 7.0)
    - RxSwift (~> 4.0)
  - RxSwift (4.5.0)
  - RxTest (4.5.0):
    - RxSwift (>= 4.4.2, ~> 4.4)
  - SnapKit (5.0.0)
  - Sniffer (2.0.0)

DEPENDENCIES:
  - Alamofire (= 5.0.0-beta.6)
  - Firebase (~> 6.0)
  - Firebase/Messaging
  - FSCalendar (~> 2.8)
  - R.swift (~> 5.0)
  - RxBlocking (~> 4.0)
  - RxCocoa (~> 4.4)
  - RxDataSources (~> 3.1)
  - RxNuke (~> 0.8)
  - RxSwift (~> 4.4)
  - RxTest (~> 4.0)
  - SnapKit (~> 5.0)
  - Sniffer (~> 2.0)

SPEC REPOS:
  https://github.com/cocoapods/specs.git:
    - Alamofire
    - Differentiator
    - Firebase
    - FirebaseAnalytics
    - FirebaseAnalyticsInterop
    - FirebaseCore
    - FirebaseInstanceID
    - FirebaseMessaging
    - FSCalendar
    - GoogleAppMeasurement
    - GoogleUtilities
    - nanopb
    - Nuke
    - Protobuf
    - R.swift
    - R.swift.Library
    - RxBlocking
    - RxCocoa
    - RxDataSources
    - RxNuke
    - RxSwift
    - RxTest
    - SnapKit
    - Sniffer

SPEC CHECKSUMS:
  Alamofire: cd08a4402bd12cacd0c66f23fb12fec8d6b965e4
  Differentiator: be49ca3408f0ecfc761e4c7763d20c62be01b9ad
  Firebase: fa80b9d987ca014a1ba9357496ef2a0178b28b12
  FirebaseAnalytics: 1743c5f4de3687d0745709dfdc4b1dea1484f44c
  FirebaseAnalyticsInterop: efbe45c8385ec626e29f9525e5ebd38520dfb6c1
  FirebaseCore: e38f025287b413255a53acc1945d048a112047f7
  FirebaseInstanceID: 0e0348a3c00a734fa376a070f5ad4533ad975cb5
  FirebaseMessaging: c796d50864dc822a3c06c9c1c1444b37732b795b
  FSCalendar: 3a5ed3636e2ba1b83ebebfcf0c2603105a6f5efe
  GoogleAppMeasurement: 7f028ea162b72c8f326daec74afc95d94f7a47d6
  GoogleUtilities: f1faafc033ea203adf1783ce00af455bb99d0e5b
  nanopb: 2901f78ea1b7b4015c860c2fdd1ea2fee1a18d48
  Nuke: 44130e95e09463f8773ae4b96b90de1eba6b3350
  Protobuf: 7a877b7f3e5964e3fce995e2eb323dbc6831bb5a
  R.swift: f5a87643b91ea569d23d6afb3eee9c743edde239
  R.swift.Library: cfe85d569d9bae6cb262922db130e7c3a7a5fad1
  RxBlocking: 79413e4d916f44bb3e113c5b2cc059e36fe58910
  RxCocoa: cbf70265dc65a981d4ac982e513c10cf23df24a0
  RxDataSources: a843bad90c29817f5923ec8163f4af2de084ceb3
  RxNuke: 3ae4a88cb661f913363a1a1208e11eda03e2c1ba
  RxSwift: f172070dfd1a93d70a9ab97a5a01166206e1c575
  RxTest: 3ccb66bfbace0bf7df1c43a7c75d046f8ce60372
  SnapKit: fd22d10eb9aff484d79a8724eab922c1ddf89bcf
  Sniffer: 8818aff78371938472e70121eff907f5b0928049

PODFILE CHECKSUM: ad7fd4c44eb033985328ac75ed7342770964dde2

COCOAPODS: 1.5.2
